// !$*UTF8*$!
{
	archiveVersion = 1;
	classes = {
	};
	objectVersion = 77;
	objects = {

/* Begin PBXBuildFile section */
		A1000001000000000000001 /* ScreenSortApp.swift in Sources */ = {isa = PBXBuildFile; fileRef = A1000002000000000000002 /* ScreenSortApp.swift */; };
		A1000003000000000000003 /* ContentView.swift in Sources */ = {isa = PBXBuildFile; fileRef = A1000004000000000000004 /* ContentView.swift */; };
		A1000005000000000000005 /* Assets.xcassets in Resources */ = {isa = PBXBuildFile; fileRef = A1000006000000000000006 /* Assets.xcassets */; };
		A1000007000000000000007 /* APIVerificationTests.swift in Sources */ = {isa = PBXBuildFile; fileRef = A1000008000000000000008 /* APIVerificationTests.swift */; };
		A1000027000000000000027 /* PrivacyInfo.xcprivacy in Resources */ = {isa = PBXBuildFile; fileRef = A1000028000000000000028 /* PrivacyInfo.xcprivacy */; };
		A1000029000000000000029 /* Screenshot.swift in Sources */ = {isa = PBXBuildFile; fileRef = A1000030000000000000030 /* Screenshot.swift */; };
		A1000031000000000000031 /* ScreenshotType.swift in Sources */ = {isa = PBXBuildFile; fileRef = A1000032000000000000032 /* ScreenshotType.swift */; };
		A1000033000000000000033 /* MusicMetadata.swift in Sources */ = {isa = PBXBuildFile; fileRef = A1000034000000000000034 /* MusicMetadata.swift */; };
		A1000035000000000000035 /* ProcessingResult.swift in Sources */ = {isa = PBXBuildFile; fileRef = A1000036000000000000036 /* ProcessingResult.swift */; };
		A1000037000000000000037 /* PhotoLibraryServiceProtocol.swift in Sources */ = {isa = PBXBuildFile; fileRef = A1000038000000000000038 /* PhotoLibraryServiceProtocol.swift */; };
		A1000039000000000000039 /* PhotoLibraryService.swift in Sources */ = {isa = PBXBuildFile; fileRef = A1000040000000000000040 /* PhotoLibraryService.swift */; };
		A1000044000000000000044 /* Errors.swift in Sources */ = {isa = PBXBuildFile; fileRef = A1000045000000000000045 /* Errors.swift */; };
		A1000050000000000000050 /* OCRServiceProtocol.swift in Sources */ = {isa = PBXBuildFile; fileRef = A1000051000000000000051 /* OCRServiceProtocol.swift */; };
		A1000052000000000000052 /* OCRService.swift in Sources */ = {isa = PBXBuildFile; fileRef = A1000053000000000000053 /* OCRService.swift */; };
		A1000054000000000000054 /* AuthServiceProtocol.swift in Sources */ = {isa = PBXBuildFile; fileRef = A1000055000000000000055 /* AuthServiceProtocol.swift */; };
		A1000056000000000000056 /* AuthService.swift in Sources */ = {isa = PBXBuildFile; fileRef = A1000057000000000000057 /* AuthService.swift */; };
		A1000058000000000000058 /* KeychainService.swift in Sources */ = {isa = PBXBuildFile; fileRef = A1000059000000000000059 /* KeychainService.swift */; };
		A1000060000000000000060 /* ScreenshotClassifier.swift in Sources */ = {isa = PBXBuildFile; fileRef = A1000061000000000000061 /* ScreenshotClassifier.swift */; };
		A1000062000000000000062 /* MusicExtractorProtocol.swift in Sources */ = {isa = PBXBuildFile; fileRef = A1000063000000000000063 /* MusicExtractorProtocol.swift */; };
		A1000064000000000000064 /* MusicExtractor.swift in Sources */ = {isa = PBXBuildFile; fileRef = A1000065000000000000065 /* MusicExtractor.swift */; };
		A1000066000000000000066 /* YouTubeServiceProtocol.swift in Sources */ = {isa = PBXBuildFile; fileRef = A1000067000000000000067 /* YouTubeServiceProtocol.swift */; };
		A1000068000000000000068 /* YouTubeService.swift in Sources */ = {isa = PBXBuildFile; fileRef = A1000069000000000000069 /* YouTubeService.swift */; };
		A1000070000000000000070 /* APIClient.swift in Sources */ = {isa = PBXBuildFile; fileRef = A1000071000000000000071 /* APIClient.swift */; };
		A1000072000000000000072 /* ProcessingViewModel.swift in Sources */ = {isa = PBXBuildFile; fileRef = A1000073000000000000073 /* ProcessingViewModel.swift */; };
		A1000074000000000000074 /* ProcessingView.swift in Sources */ = {isa = PBXBuildFile; fileRef = A1000075000000000000075 /* ProcessingView.swift */; };
		A1000076000000000000076 /* AuthStatusView.swift in Sources */ = {isa = PBXBuildFile; fileRef = A1000077000000000000077 /* AuthStatusView.swift */; };
		A1000080000000000000080 /* GoogleDocsServiceProtocol.swift in Sources */ = {isa = PBXBuildFile; fileRef = A1000081000000000000081 /* GoogleDocsServiceProtocol.swift */; };
		A1000082000000000000082 /* GoogleDocsService.swift in Sources */ = {isa = PBXBuildFile; fileRef = A1000083000000000000083 /* GoogleDocsService.swift */; };
		A1000084000000000000084 /* MovieMetadata.swift in Sources */ = {isa = PBXBuildFile; fileRef = A1000085000000000000085 /* MovieMetadata.swift */; };
		A1000086000000000000086 /* BookMetadata.swift in Sources */ = {isa = PBXBuildFile; fileRef = A1000087000000000000087 /* BookMetadata.swift */; };
		A1000088000000000000088 /* MovieExtractorProtocol.swift in Sources */ = {isa = PBXBuildFile; fileRef = A1000089000000000000089 /* MovieExtractorProtocol.swift */; };
		A100008A00000000000008A /* BookExtractorProtocol.swift in Sources */ = {isa = PBXBuildFile; fileRef = A100008B00000000000008B /* BookExtractorProtocol.swift */; };
		A100008C00000000000008C /* TMDbServiceProtocol.swift in Sources */ = {isa = PBXBuildFile; fileRef = A100008D00000000000008D /* TMDbServiceProtocol.swift */; };
		A100008E00000000000008E /* GoogleBooksServiceProtocol.swift in Sources */ = {isa = PBXBuildFile; fileRef = A100008F00000000000008F /* GoogleBooksServiceProtocol.swift */; };
		A1000090000000000000090 /* MovieExtractor.swift in Sources */ = {isa = PBXBuildFile; fileRef = A1000091000000000000091 /* MovieExtractor.swift */; };
		A1000092000000000000092 /* BookExtractor.swift in Sources */ = {isa = PBXBuildFile; fileRef = A1000093000000000000093 /* BookExtractor.swift */; };
		A1000094000000000000094 /* TMDbService.swift in Sources */ = {isa = PBXBuildFile; fileRef = A1000095000000000000095 /* TMDbService.swift */; };
		A1000096000000000000096 /* GoogleBooksService.swift in Sources */ = {isa = PBXBuildFile; fileRef = A1000097000000000000097 /* GoogleBooksService.swift */; };
		A1000098000000000000098 /* MemeDetector.swift in Sources */ = {isa = PBXBuildFile; fileRef = A1000099000000000000099 /* MemeDetector.swift */; };
		A100009A00000000000009A /* OnboardingView.swift in Sources */ = {isa = PBXBuildFile; fileRef = A100009B00000000000009B /* OnboardingView.swift */; };
/* End PBXBuildFile section */

/* Begin PBXContainerItemProxy section */
		A1000009000000000000009 /* PBXContainerItemProxy */ = {
			isa = PBXContainerItemProxy;
			containerPortal = A100000A00000000000000A /* Project object */;
			proxyType = 1;
			remoteGlobalIDString = A100000B00000000000000B;
			remoteInfo = ScreenSort;
		};
/* End PBXContainerItemProxy section */

/* Begin PBXFileReference section */
		A1000002000000000000002 /* ScreenSortApp.swift */ = {isa = PBXFileReference; lastKnownFileType = sourcecode.swift; path = ScreenSortApp.swift; sourceTree = "<group>"; };
		A1000004000000000000004 /* ContentView.swift */ = {isa = PBXFileReference; lastKnownFileType = sourcecode.swift; path = ContentView.swift; sourceTree = "<group>"; };
		A1000006000000000000006 /* Assets.xcassets */ = {isa = PBXFileReference; lastKnownFileType = folder.assetcatalog; path = Assets.xcassets; sourceTree = "<group>"; };
		A1000008000000000000008 /* APIVerificationTests.swift */ = {isa = PBXFileReference; lastKnownFileType = sourcecode.swift; path = APIVerificationTests.swift; sourceTree = "<group>"; };
		A100000C00000000000000C /* ScreenSort.app */ = {isa = PBXFileReference; explicitFileType = wrapper.application; includeInIndex = 0; path = ScreenSort.app; sourceTree = BUILT_PRODUCTS_DIR; };
		A100000D00000000000000D /* Info.plist */ = {isa = PBXFileReference; lastKnownFileType = text.plist.xml; path = Info.plist; sourceTree = "<group>"; };
		A100000E00000000000000E /* ScreenSortTests.xctest */ = {isa = PBXFileReference; explicitFileType = wrapper.cfbundle; includeInIndex = 0; path = ScreenSortTests.xctest; sourceTree = BUILT_PRODUCTS_DIR; };
		A100000F00000000000000F /* Secrets.xcconfig */ = {isa = PBXFileReference; lastKnownFileType = text.xcconfig; path = Secrets.xcconfig; sourceTree = "<group>"; };
		A1000010000000000000010 /* Secrets-Template.xcconfig */ = {isa = PBXFileReference; lastKnownFileType = text.xcconfig; path = "Secrets-Template.xcconfig"; sourceTree = "<group>"; };
		A1000028000000000000028 /* PrivacyInfo.xcprivacy */ = {isa = PBXFileReference; lastKnownFileType = text.plist.xml; path = PrivacyInfo.xcprivacy; sourceTree = "<group>"; };
		A1000030000000000000030 /* Screenshot.swift */ = {isa = PBXFileReference; lastKnownFileType = sourcecode.swift; path = Screenshot.swift; sourceTree = "<group>"; };
		A1000032000000000000032 /* ScreenshotType.swift */ = {isa = PBXFileReference; lastKnownFileType = sourcecode.swift; path = ScreenshotType.swift; sourceTree = "<group>"; };
		A1000034000000000000034 /* MusicMetadata.swift */ = {isa = PBXFileReference; lastKnownFileType = sourcecode.swift; path = MusicMetadata.swift; sourceTree = "<group>"; };
		A1000036000000000000036 /* ProcessingResult.swift */ = {isa = PBXFileReference; lastKnownFileType = sourcecode.swift; path = ProcessingResult.swift; sourceTree = "<group>"; };
		A1000038000000000000038 /* PhotoLibraryServiceProtocol.swift */ = {isa = PBXFileReference; lastKnownFileType = sourcecode.swift; path = PhotoLibraryServiceProtocol.swift; sourceTree = "<group>"; };
		A1000040000000000000040 /* PhotoLibraryService.swift */ = {isa = PBXFileReference; lastKnownFileType = sourcecode.swift; path = PhotoLibraryService.swift; sourceTree = "<group>"; };
		A1000045000000000000045 /* Errors.swift */ = {isa = PBXFileReference; lastKnownFileType = sourcecode.swift; path = Errors.swift; sourceTree = "<group>"; };
		A1000051000000000000051 /* OCRServiceProtocol.swift */ = {isa = PBXFileReference; lastKnownFileType = sourcecode.swift; path = OCRServiceProtocol.swift; sourceTree = "<group>"; };
		A1000053000000000000053 /* OCRService.swift */ = {isa = PBXFileReference; lastKnownFileType = sourcecode.swift; path = OCRService.swift; sourceTree = "<group>"; };
		A1000055000000000000055 /* AuthServiceProtocol.swift */ = {isa = PBXFileReference; lastKnownFileType = sourcecode.swift; path = AuthServiceProtocol.swift; sourceTree = "<group>"; };
		A1000057000000000000057 /* AuthService.swift */ = {isa = PBXFileReference; lastKnownFileType = sourcecode.swift; path = AuthService.swift; sourceTree = "<group>"; };
		A1000059000000000000059 /* KeychainService.swift */ = {isa = PBXFileReference; lastKnownFileType = sourcecode.swift; path = KeychainService.swift; sourceTree = "<group>"; };
		A1000061000000000000061 /* ScreenshotClassifier.swift */ = {isa = PBXFileReference; lastKnownFileType = sourcecode.swift; path = ScreenshotClassifier.swift; sourceTree = "<group>"; };
		A1000063000000000000063 /* MusicExtractorProtocol.swift */ = {isa = PBXFileReference; lastKnownFileType = sourcecode.swift; path = MusicExtractorProtocol.swift; sourceTree = "<group>"; };
		A1000065000000000000065 /* MusicExtractor.swift */ = {isa = PBXFileReference; lastKnownFileType = sourcecode.swift; path = MusicExtractor.swift; sourceTree = "<group>"; };
		A1000067000000000000067 /* YouTubeServiceProtocol.swift */ = {isa = PBXFileReference; lastKnownFileType = sourcecode.swift; path = YouTubeServiceProtocol.swift; sourceTree = "<group>"; };
		A1000069000000000000069 /* YouTubeService.swift */ = {isa = PBXFileReference; lastKnownFileType = sourcecode.swift; path = YouTubeService.swift; sourceTree = "<group>"; };
		A1000071000000000000071 /* APIClient.swift */ = {isa = PBXFileReference; lastKnownFileType = sourcecode.swift; path = APIClient.swift; sourceTree = "<group>"; };
		A1000073000000000000073 /* ProcessingViewModel.swift */ = {isa = PBXFileReference; lastKnownFileType = sourcecode.swift; path = ProcessingViewModel.swift; sourceTree = "<group>"; };
		A1000075000000000000075 /* ProcessingView.swift */ = {isa = PBXFileReference; lastKnownFileType = sourcecode.swift; path = ProcessingView.swift; sourceTree = "<group>"; };
		A1000077000000000000077 /* AuthStatusView.swift */ = {isa = PBXFileReference; lastKnownFileType = sourcecode.swift; path = AuthStatusView.swift; sourceTree = "<group>"; };
		A1000081000000000000081 /* GoogleDocsServiceProtocol.swift */ = {isa = PBXFileReference; lastKnownFileType = sourcecode.swift; path = GoogleDocsServiceProtocol.swift; sourceTree = "<group>"; };
		A1000083000000000000083 /* GoogleDocsService.swift */ = {isa = PBXFileReference; lastKnownFileType = sourcecode.swift; path = GoogleDocsService.swift; sourceTree = "<group>"; };
		A1000085000000000000085 /* MovieMetadata.swift */ = {isa = PBXFileReference; lastKnownFileType = sourcecode.swift; path = MovieMetadata.swift; sourceTree = "<group>"; };
		A1000087000000000000087 /* BookMetadata.swift */ = {isa = PBXFileReference; lastKnownFileType = sourcecode.swift; path = BookMetadata.swift; sourceTree = "<group>"; };
		A1000089000000000000089 /* MovieExtractorProtocol.swift */ = {isa = PBXFileReference; lastKnownFileType = sourcecode.swift; path = MovieExtractorProtocol.swift; sourceTree = "<group>"; };
		A100008B00000000000008B /* BookExtractorProtocol.swift */ = {isa = PBXFileReference; lastKnownFileType = sourcecode.swift; path = BookExtractorProtocol.swift; sourceTree = "<group>"; };
		A100008D00000000000008D /* TMDbServiceProtocol.swift */ = {isa = PBXFileReference; lastKnownFileType = sourcecode.swift; path = TMDbServiceProtocol.swift; sourceTree = "<group>"; };
		A100008F00000000000008F /* GoogleBooksServiceProtocol.swift */ = {isa = PBXFileReference; lastKnownFileType = sourcecode.swift; path = GoogleBooksServiceProtocol.swift; sourceTree = "<group>"; };
		A1000091000000000000091 /* MovieExtractor.swift */ = {isa = PBXFileReference; lastKnownFileType = sourcecode.swift; path = MovieExtractor.swift; sourceTree = "<group>"; };
		A1000093000000000000093 /* BookExtractor.swift */ = {isa = PBXFileReference; lastKnownFileType = sourcecode.swift; path = BookExtractor.swift; sourceTree = "<group>"; };
		A1000095000000000000095 /* TMDbService.swift */ = {isa = PBXFileReference; lastKnownFileType = sourcecode.swift; path = TMDbService.swift; sourceTree = "<group>"; };
		A1000097000000000000097 /* GoogleBooksService.swift */ = {isa = PBXFileReference; lastKnownFileType = sourcecode.swift; path = GoogleBooksService.swift; sourceTree = "<group>"; };
		A1000099000000000000099 /* MemeDetector.swift */ = {isa = PBXFileReference; lastKnownFileType = sourcecode.swift; path = MemeDetector.swift; sourceTree = "<group>"; };
		A100009B00000000000009B /* OnboardingView.swift */ = {isa = PBXFileReference; lastKnownFileType = sourcecode.swift; path = OnboardingView.swift; sourceTree = "<group>"; };
/* End PBXFileReference section */

/* Begin PBXFrameworksBuildPhase section */
		A1000011000000000000011 /* Frameworks */ = {
			isa = PBXFrameworksBuildPhase;
			buildActionMask = 2147483647;
			files = (
			);
			runOnlyForDeploymentPostprocessing = 0;
		};
		A1000012000000000000012 /* Frameworks */ = {
			isa = PBXFrameworksBuildPhase;
			buildActionMask = 2147483647;
			files = (
			);
			runOnlyForDeploymentPostprocessing = 0;
		};
/* End PBXFrameworksBuildPhase section */

/* Begin PBXGroup section */
		A1000013000000000000013 = {
			isa = PBXGroup;
			children = (
				A1000014000000000000014 /* ScreenSort */,
				A1000015000000000000015 /* ScreenSortTests */,
				A1000016000000000000016 /* Config */,
				A1000017000000000000017 /* Products */,
			);
			sourceTree = "<group>";
		};
		A1000014000000000000014 /* ScreenSort */ = {
			isa = PBXGroup;
			children = (
				A1000002000000000000002 /* ScreenSortApp.swift */,
				A1000004000000000000004 /* ContentView.swift */,
				A1000041000000000000041 /* Models */,
				A1000042000000000000042 /* Services */,
				A1000078000000000000078 /* ViewModels */,
				A1000079000000000000079 /* Views */,
				A1000006000000000000006 /* Assets.xcassets */,
				A100000D00000000000000D /* Info.plist */,
				A1000028000000000000028 /* PrivacyInfo.xcprivacy */,
			);
			path = ScreenSort;
			sourceTree = "<group>";
		};
		A1000015000000000000015 /* ScreenSortTests */ = {
			isa = PBXGroup;
			children = (
				A1000008000000000000008 /* APIVerificationTests.swift */,
			);
			path = ScreenSortTests;
			sourceTree = "<group>";
		};
		A1000016000000000000016 /* Config */ = {
			isa = PBXGroup;
			children = (
				A100000F00000000000000F /* Secrets.xcconfig */,
				A1000010000000000000010 /* Secrets-Template.xcconfig */,
			);
			path = Config;
			sourceTree = "<group>";
		};
		A1000017000000000000017 /* Products */ = {
			isa = PBXGroup;
			children = (
				A100000C00000000000000C /* ScreenSort.app */,
				A100000E00000000000000E /* ScreenSortTests.xctest */,
			);
			name = Products;
			sourceTree = "<group>";
		};
		A1000041000000000000041 /* Models */ = {
			isa = PBXGroup;
			children = (
				A1000030000000000000030 /* Screenshot.swift */,
				A1000032000000000000032 /* ScreenshotType.swift */,
				A1000034000000000000034 /* MusicMetadata.swift */,
				A1000085000000000000085 /* MovieMetadata.swift */,
				A1000087000000000000087 /* BookMetadata.swift */,
				A1000036000000000000036 /* ProcessingResult.swift */,
				A1000045000000000000045 /* Errors.swift */,
			);
			path = Models;
			sourceTree = "<group>";
		};
		A1000042000000000000042 /* Services */ = {
			isa = PBXGroup;
			children = (
				A1000043000000000000043 /* Protocols */,
				A1000040000000000000040 /* PhotoLibraryService.swift */,
				A1000053000000000000053 /* OCRService.swift */,
				A1000057000000000000057 /* AuthService.swift */,
				A1000059000000000000059 /* KeychainService.swift */,
				A1000061000000000000061 /* ScreenshotClassifier.swift */,
				A1000065000000000000065 /* MusicExtractor.swift */,
				A1000091000000000000091 /* MovieExtractor.swift */,
				A1000093000000000000093 /* BookExtractor.swift */,
				A1000099000000000000099 /* MemeDetector.swift */,
				A1000069000000000000069 /* YouTubeService.swift */,
				A1000095000000000000095 /* TMDbService.swift */,
				A1000097000000000000097 /* GoogleBooksService.swift */,
				A1000071000000000000071 /* APIClient.swift */,
				A1000083000000000000083 /* GoogleDocsService.swift */,
			);
			path = Services;
			sourceTree = "<group>";
		};
		A1000043000000000000043 /* Protocols */ = {
			isa = PBXGroup;
			children = (
				A1000038000000000000038 /* PhotoLibraryServiceProtocol.swift */,
				A1000051000000000000051 /* OCRServiceProtocol.swift */,
				A1000055000000000000055 /* AuthServiceProtocol.swift */,
				A1000063000000000000063 /* MusicExtractorProtocol.swift */,
				A1000089000000000000089 /* MovieExtractorProtocol.swift */,
				A100008B00000000000008B /* BookExtractorProtocol.swift */,
				A1000067000000000000067 /* YouTubeServiceProtocol.swift */,
				A100008D00000000000008D /* TMDbServiceProtocol.swift */,
				A100008F00000000000008F /* GoogleBooksServiceProtocol.swift */,
				A1000081000000000000081 /* GoogleDocsServiceProtocol.swift */,
			);
			path = Protocols;
			sourceTree = "<group>";
		};
		A1000078000000000000078 /* ViewModels */ = {
			isa = PBXGroup;
			children = (
				A1000073000000000000073 /* ProcessingViewModel.swift */,
			);
			path = ViewModels;
			sourceTree = "<group>";
		};
		A1000079000000000000079 /* Views */ = {
			isa = PBXGroup;
			children = (
				A1000075000000000000075 /* ProcessingView.swift */,
				A1000077000000000000077 /* AuthStatusView.swift */,
				A100009B00000000000009B /* OnboardingView.swift */,
			);
			path = Views;
			sourceTree = "<group>";
		};
/* End PBXGroup section */

/* Begin PBXNativeTarget section */
		A100000B00000000000000B /* ScreenSort */ = {
			isa = PBXNativeTarget;
			buildConfigurationList = A1000018000000000000018 /* Build configuration list for PBXNativeTarget "ScreenSort" */;
			buildPhases = (
				A1000019000000000000019 /* Sources */,
				A1000011000000000000011 /* Frameworks */,
				A100001A00000000000001A /* Resources */,
			);
			buildRules = (
			);
			dependencies = (
			);
			name = ScreenSort;
			productName = ScreenSort;
			productReference = A100000C00000000000000C /* ScreenSort.app */;
			productType = "com.apple.product-type.application";
		};
		A100001B00000000000001B /* ScreenSortTests */ = {
			isa = PBXNativeTarget;
			buildConfigurationList = A100001C00000000000001C /* Build configuration list for PBXNativeTarget "ScreenSortTests" */;
			buildPhases = (
				A100001D00000000000001D /* Sources */,
				A1000012000000000000012 /* Frameworks */,
				A100001E00000000000001E /* Resources */,
			);
			buildRules = (
			);
			dependencies = (
				A100001F00000000000001F /* PBXTargetDependency */,
			);
			name = ScreenSortTests;
			productName = ScreenSortTests;
			productReference = A100000E00000000000000E /* ScreenSortTests.xctest */;
			productType = "com.apple.product-type.bundle.unit-test";
		};
/* End PBXNativeTarget section */

/* Begin PBXProject section */
		A100000A00000000000000A /* Project object */ = {
			isa = PBXProject;
			attributes = {
				BuildIndependentTargetsInParallel = 1;
				LastSwiftUpdateCheck = 1620;
				LastUpgradeCheck = 2620;
				TargetAttributes = {
					A100000B00000000000000B = {
						CreatedOnToolsVersion = 17.0;
					};
					A100001B00000000000001B = {
						CreatedOnToolsVersion = 17.0;
						TestTargetID = A100000B00000000000000B;
					};
				};
			};
			buildConfigurationList = A1000020000000000000020 /* Build configuration list for PBXProject "ScreenSort" */;
			developmentRegion = en;
			hasScannedForEncodings = 0;
			knownRegions = (
				en,
				Base,
			);
			mainGroup = A1000013000000000000013;
			minimizedProjectReferenceProxies = 1;
			preferredProjectObjectVersion = 77;
			productRefGroup = A1000017000000000000017 /* Products */;
			projectDirPath = "";
			projectRoot = "";
			targets = (
				A100000B00000000000000B /* ScreenSort */,
				A100001B00000000000001B /* ScreenSortTests */,
			);
		};
/* End PBXProject section */

/* Begin PBXResourcesBuildPhase section */
		A100001A00000000000001A /* Resources */ = {
			isa = PBXResourcesBuildPhase;
			buildActionMask = 2147483647;
			files = (
				A1000005000000000000005 /* Assets.xcassets in Resources */,
				A1000027000000000000027 /* PrivacyInfo.xcprivacy in Resources */,
			);
			runOnlyForDeploymentPostprocessing = 0;
		};
		A100001E00000000000001E /* Resources */ = {
			isa = PBXResourcesBuildPhase;
			buildActionMask = 2147483647;
			files = (
			);
			runOnlyForDeploymentPostprocessing = 0;
		};
/* End PBXResourcesBuildPhase section */

/* Begin PBXSourcesBuildPhase section */
		A1000019000000000000019 /* Sources */ = {
			isa = PBXSourcesBuildPhase;
			buildActionMask = 2147483647;
			files = (
				A1000003000000000000003 /* ContentView.swift in Sources */,
				A1000001000000000000001 /* ScreenSortApp.swift in Sources */,
				A1000029000000000000029 /* Screenshot.swift in Sources */,
				A1000031000000000000031 /* ScreenshotType.swift in Sources */,
				A1000033000000000000033 /* MusicMetadata.swift in Sources */,
				A1000035000000000000035 /* ProcessingResult.swift in Sources */,
				A1000044000000000000044 /* Errors.swift in Sources */,
				A1000037000000000000037 /* PhotoLibraryServiceProtocol.swift in Sources */,
				A1000039000000000000039 /* PhotoLibraryService.swift in Sources */,
				A1000050000000000000050 /* OCRServiceProtocol.swift in Sources */,
				A1000052000000000000052 /* OCRService.swift in Sources */,
				A1000054000000000000054 /* AuthServiceProtocol.swift in Sources */,
				A1000056000000000000056 /* AuthService.swift in Sources */,
				A1000058000000000000058 /* KeychainService.swift in Sources */,
				A1000060000000000000060 /* ScreenshotClassifier.swift in Sources */,
				A1000062000000000000062 /* MusicExtractorProtocol.swift in Sources */,
				A1000064000000000000064 /* MusicExtractor.swift in Sources */,
				A1000066000000000000066 /* YouTubeServiceProtocol.swift in Sources */,
				A1000068000000000000068 /* YouTubeService.swift in Sources */,
				A1000070000000000000070 /* APIClient.swift in Sources */,
				A1000072000000000000072 /* ProcessingViewModel.swift in Sources */,
				A1000074000000000000074 /* ProcessingView.swift in Sources */,
				A1000076000000000000076 /* AuthStatusView.swift in Sources */,
				A1000080000000000000080 /* GoogleDocsServiceProtocol.swift in Sources */,
				A1000082000000000000082 /* GoogleDocsService.swift in Sources */,
				A1000084000000000000084 /* MovieMetadata.swift in Sources */,
				A1000086000000000000086 /* BookMetadata.swift in Sources */,
				A1000088000000000000088 /* MovieExtractorProtocol.swift in Sources */,
				A100008A00000000000008A /* BookExtractorProtocol.swift in Sources */,
				A100008C00000000000008C /* TMDbServiceProtocol.swift in Sources */,
				A100008E00000000000008E /* GoogleBooksServiceProtocol.swift in Sources */,
				A1000090000000000000090 /* MovieExtractor.swift in Sources */,
				A1000092000000000000092 /* BookExtractor.swift in Sources */,
				A1000094000000000000094 /* TMDbService.swift in Sources */,
				A1000096000000000000096 /* GoogleBooksService.swift in Sources */,
				A1000098000000000000098 /* MemeDetector.swift in Sources */,
				A100009A00000000000009A /* OnboardingView.swift in Sources */,
			);
			runOnlyForDeploymentPostprocessing = 0;
		};
		A100001D00000000000001D /* Sources */ = {
			isa = PBXSourcesBuildPhase;
			buildActionMask = 2147483647;
			files = (
				A1000007000000000000007 /* APIVerificationTests.swift in Sources */,
			);
			runOnlyForDeploymentPostprocessing = 0;
		};
/* End PBXSourcesBuildPhase section */

/* Begin PBXTargetDependency section */
		A100001F00000000000001F /* PBXTargetDependency */ = {
			isa = PBXTargetDependency;
			target = A100000B00000000000000B /* ScreenSort */;
			targetProxy = A1000009000000000000009 /* PBXContainerItemProxy */;
		};
/* End PBXTargetDependency section */

/* Begin XCBuildConfiguration section */
		A1000021000000000000021 /* Debug */ = {
			isa = XCBuildConfiguration;
			baseConfigurationReference = A100000F00000000000000F /* Secrets.xcconfig */;
			buildSettings = {
				ALWAYS_SEARCH_USER_PATHS = NO;
				ASSETCATALOG_COMPILER_GENERATE_SWIFT_ASSET_SYMBOL_EXTENSIONS = YES;
				CLANG_ANALYZER_NONNULL = YES;
				CLANG_ANALYZER_NUMBER_OBJECT_CONVERSION = YES_AGGRESSIVE;
				CLANG_CXX_LANGUAGE_STANDARD = "gnu++20";
				CLANG_ENABLE_MODULES = YES;
				CLANG_ENABLE_OBJC_ARC = YES;
				CLANG_ENABLE_OBJC_WEAK = YES;
				CLANG_WARN_BLOCK_CAPTURE_AUTORELEASING = YES;
				CLANG_WARN_BOOL_CONVERSION = YES;
				CLANG_WARN_COMMA = YES;
				CLANG_WARN_CONSTANT_CONVERSION = YES;
				CLANG_WARN_DEPRECATED_OBJC_IMPLEMENTATIONS = YES;
				CLANG_WARN_DIRECT_OBJC_ISA_USAGE = YES_ERROR;
				CLANG_WARN_DOCUMENTATION_COMMENTS = YES;
				CLANG_WARN_EMPTY_BODY = YES;
				CLANG_WARN_ENUM_CONVERSION = YES;
				CLANG_WARN_INFINITE_RECURSION = YES;
				CLANG_WARN_INT_CONVERSION = YES;
				CLANG_WARN_NON_LITERAL_NULL_CONVERSION = YES;
				CLANG_WARN_OBJC_IMPLICIT_RETAIN_SELF = YES;
				CLANG_WARN_OBJC_LITERAL_CONVERSION = YES;
				CLANG_WARN_OBJC_ROOT_CLASS = YES_ERROR;
				CLANG_WARN_QUOTED_INCLUDE_IN_FRAMEWORK_HEADER = YES;
				CLANG_WARN_RANGE_LOOP_ANALYSIS = YES;
				CLANG_WARN_STRICT_PROTOTYPES = YES;
				CLANG_WARN_SUSPICIOUS_MOVE = YES;
				CLANG_WARN_UNGUARDED_AVAILABILITY = YES_AGGRESSIVE;
				CLANG_WARN_UNREACHABLE_CODE = YES;
				CLANG_WARN__DUPLICATE_METHOD_MATCH = YES;
				COPY_PHASE_STRIP = NO;
				DEBUG_INFORMATION_FORMAT = dwarf;
				ENABLE_STRICT_OBJC_MSGSEND = YES;
				ENABLE_TESTABILITY = YES;
				ENABLE_USER_SCRIPT_SANDBOXING = YES;
				GCC_C_LANGUAGE_STANDARD = gnu17;
				GCC_DYNAMIC_NO_PIC = NO;
				GCC_NO_COMMON_BLOCKS = YES;
				GCC_OPTIMIZATION_LEVEL = 0;
				GCC_PREPROCESSOR_DEFINITIONS = (
					"DEBUG=1",
					"$(inherited)",
				);
				GCC_WARN_64_TO_32_BIT_CONVERSION = YES;
				GCC_WARN_ABOUT_RETURN_TYPE = YES_ERROR;
				GCC_WARN_UNDECLARED_SELECTOR = YES;
				GCC_WARN_UNINITIALIZED_AUTOS = YES_AGGRESSIVE;
				GCC_WARN_UNUSED_FUNCTION = YES;
				GCC_WARN_UNUSED_VARIABLE = YES;
				IPHONEOS_DEPLOYMENT_TARGET = 17.0;
				LOCALIZATION_PREFERS_STRING_CATALOGS = YES;
				MTL_ENABLE_DEBUG_INFO = INCLUDE_SOURCE;
				MTL_FAST_MATH = YES;
				ONLY_ACTIVE_ARCH = YES;
				SDKROOT = iphoneos;
				STRING_CATALOG_GENERATE_SYMBOLS = YES;
				SWIFT_ACTIVE_COMPILATION_CONDITIONS = "DEBUG $(inherited)";
				SWIFT_OPTIMIZATION_LEVEL = "-Onone";
			};
			name = Debug;
		};
		A1000022000000000000022 /* Release */ = {
			isa = XCBuildConfiguration;
			baseConfigurationReference = A100000F00000000000000F /* Secrets.xcconfig */;
			buildSettings = {
				ALWAYS_SEARCH_USER_PATHS = NO;
				ASSETCATALOG_COMPILER_GENERATE_SWIFT_ASSET_SYMBOL_EXTENSIONS = YES;
				CLANG_ANALYZER_NONNULL = YES;
				CLANG_ANALYZER_NUMBER_OBJECT_CONVERSION = YES_AGGRESSIVE;
				CLANG_CXX_LANGUAGE_STANDARD = "gnu++20";
				CLANG_ENABLE_MODULES = YES;
				CLANG_ENABLE_OBJC_ARC = YES;
				CLANG_ENABLE_OBJC_WEAK = YES;
				CLANG_WARN_BLOCK_CAPTURE_AUTORELEASING = YES;
				CLANG_WARN_BOOL_CONVERSION = YES;
				CLANG_WARN_COMMA = YES;
				CLANG_WARN_CONSTANT_CONVERSION = YES;
				CLANG_WARN_DEPRECATED_OBJC_IMPLEMENTATIONS = YES;
				CLANG_WARN_DIRECT_OBJC_ISA_USAGE = YES_ERROR;
				CLANG_WARN_DOCUMENTATION_COMMENTS = YES;
				CLANG_WARN_EMPTY_BODY = YES;
				CLANG_WARN_ENUM_CONVERSION = YES;
				CLANG_WARN_INFINITE_RECURSION = YES;
				CLANG_WARN_INT_CONVERSION = YES;
				CLANG_WARN_NON_LITERAL_NULL_CONVERSION = YES;
				CLANG_WARN_OBJC_IMPLICIT_RETAIN_SELF = YES;
				CLANG_WARN_OBJC_LITERAL_CONVERSION = YES;
				CLANG_WARN_OBJC_ROOT_CLASS = YES_ERROR;
				CLANG_WARN_QUOTED_INCLUDE_IN_FRAMEWORK_HEADER = YES;
				CLANG_WARN_RANGE_LOOP_ANALYSIS = YES;
				CLANG_WARN_STRICT_PROTOTYPES = YES;
				CLANG_WARN_SUSPICIOUS_MOVE = YES;
				CLANG_WARN_UNGUARDED_AVAILABILITY = YES_AGGRESSIVE;
				CLANG_WARN_UNREACHABLE_CODE = YES;
				CLANG_WARN__DUPLICATE_METHOD_MATCH = YES;
				COPY_PHASE_STRIP = NO;
				DEBUG_INFORMATION_FORMAT = "dwarf-with-dsym";
				ENABLE_NS_ASSERTIONS = NO;
				ENABLE_STRICT_OBJC_MSGSEND = YES;
				ENABLE_USER_SCRIPT_SANDBOXING = YES;
				GCC_C_LANGUAGE_STANDARD = gnu17;
				GCC_NO_COMMON_BLOCKS = YES;
				GCC_WARN_64_TO_32_BIT_CONVERSION = YES;
				GCC_WARN_ABOUT_RETURN_TYPE = YES_ERROR;
				GCC_WARN_UNDECLARED_SELECTOR = YES;
				GCC_WARN_UNINITIALIZED_AUTOS = YES_AGGRESSIVE;
				GCC_WARN_UNUSED_FUNCTION = YES;
				GCC_WARN_UNUSED_VARIABLE = YES;
				IPHONEOS_DEPLOYMENT_TARGET = 17.0;
				LOCALIZATION_PREFERS_STRING_CATALOGS = YES;
				MTL_ENABLE_DEBUG_INFO = NO;
				MTL_FAST_MATH = YES;
				SDKROOT = iphoneos;
				STRING_CATALOG_GENERATE_SYMBOLS = YES;
				SWIFT_COMPILATION_MODE = wholemodule;
				VALIDATE_PRODUCT = YES;
			};
			name = Release;
		};
		A1000023000000000000023 /* Debug */ = {
			isa = XCBuildConfiguration;
			baseConfigurationReference = A100000F00000000000000F /* Secrets.xcconfig */;
			buildSettings = {
				ASSETCATALOG_COMPILER_APPICON_NAME = AppIcon;
				ASSETCATALOG_COMPILER_GLOBAL_ACCENT_COLOR_NAME = AccentColor;
				CODE_SIGN_STYLE = Automatic;
				CURRENT_PROJECT_VERSION = 1;
				DEVELOPMENT_ASSET_PATHS = "";
				DEVELOPMENT_TEAM = V7YK72YLFF;
				ENABLE_PREVIEWS = YES;
				GENERATE_INFOPLIST_FILE = NO;
				INFOPLIST_FILE = ScreenSort/Info.plist;
				INFOPLIST_KEY_CFBundleDisplayName = "Screenshots manager";
				INFOPLIST_KEY_LSApplicationCategoryType = "public.app-category.utilities";
				INFOPLIST_KEY_UIApplicationSceneManifest_Generation = YES;
				INFOPLIST_KEY_UIApplicationSupportsIndirectInputEvents = YES;
				INFOPLIST_KEY_UILaunchScreen_Generation = YES;
				INFOPLIST_KEY_UISupportedInterfaceOrientations_iPad = "UIInterfaceOrientationPortrait UIInterfaceOrientationPortraitUpsideDown UIInterfaceOrientationLandscapeLeft UIInterfaceOrientationLandscapeRight";
				INFOPLIST_KEY_UISupportedInterfaceOrientations_iPhone = "UIInterfaceOrientationPortrait UIInterfaceOrientationLandscapeLeft UIInterfaceOrientationLandscapeRight";
				IPHONEOS_DEPLOYMENT_TARGET = 26.0;
				LD_RUNPATH_SEARCH_PATHS = (
					"$(inherited)",
					"@executable_path/Frameworks",
				);
				MARKETING_VERSION = 1.0;
				PRODUCT_BUNDLE_IDENTIFIER = com.screensort;
				PRODUCT_NAME = "$(TARGET_NAME)";
				SWIFT_EMIT_LOC_STRINGS = YES;
				SWIFT_VERSION = 5.0;
				TARGETED_DEVICE_FAMILY = "1,2";
			};
			name = Debug;
		};
		A1000024000000000000024 /* Release */ = {
			isa = XCBuildConfiguration;
			baseConfigurationReference = A100000F00000000000000F /* Secrets.xcconfig */;
			buildSettings = {
				ASSETCATALOG_COMPILER_APPICON_NAME = AppIcon;
				ASSETCATALOG_COMPILER_GLOBAL_ACCENT_COLOR_NAME = AccentColor;
				CODE_SIGN_STYLE = Automatic;
				CURRENT_PROJECT_VERSION = 1;
				DEVELOPMENT_ASSET_PATHS = "";
				DEVELOPMENT_TEAM = V7YK72YLFF;
				ENABLE_PREVIEWS = YES;
				GENERATE_INFOPLIST_FILE = NO;
				INFOPLIST_FILE = ScreenSort/Info.plist;
				INFOPLIST_KEY_CFBundleDisplayName = "Screenshots manager";
				INFOPLIST_KEY_LSApplicationCategoryType = "public.app-category.utilities";
				INFOPLIST_KEY_UIApplicationSceneManifest_Generation = YES;
				INFOPLIST_KEY_UIApplicationSupportsIndirectInputEvents = YES;
				INFOPLIST_KEY_UILaunchScreen_Generation = YES;
				INFOPLIST_KEY_UISupportedInterfaceOrientations_iPad = "UIInterfaceOrientationPortrait UIInterfaceOrientationPortraitUpsideDown UIInterfaceOrientationLandscapeLeft UIInterfaceOrientationLandscapeRight";
				INFOPLIST_KEY_UISupportedInterfaceOrientations_iPhone = "UIInterfaceOrientationPortrait UIInterfaceOrientationLandscapeLeft UIInterfaceOrientationLandscapeRight";
				IPHONEOS_DEPLOYMENT_TARGET = 26.0;
				LD_RUNPATH_SEARCH_PATHS = (
					"$(inherited)",
					"@executable_path/Frameworks",
				);
				MARKETING_VERSION = 1.0;
				PRODUCT_BUNDLE_IDENTIFIER = com.screensort;
				PRODUCT_NAME = "$(TARGET_NAME)";
				SWIFT_EMIT_LOC_STRINGS = YES;
				SWIFT_VERSION = 5.0;
				TARGETED_DEVICE_FAMILY = "1,2";
			};
			name = Release;
		};
		A1000025000000000000025 /* Debug */ = {
			isa = XCBuildConfiguration;
			baseConfigurationReference = A100000F00000000000000F /* Secrets.xcconfig */;
			buildSettings = {
				BUNDLE_LOADER = "$(TEST_HOST)";
				CODE_SIGN_STYLE = Automatic;
				CURRENT_PROJECT_VERSION = 1;
				DEVELOPMENT_TEAM = V7YK72YLFF;
				GENERATE_INFOPLIST_FILE = YES;
				IPHONEOS_DEPLOYMENT_TARGET = 17.0;
				MARKETING_VERSION = 1.0;
				PRODUCT_BUNDLE_IDENTIFIER = com.personal.screensort.tests;
				PRODUCT_NAME = "$(TARGET_NAME)";
				SWIFT_EMIT_LOC_STRINGS = NO;
				SWIFT_VERSION = 5.0;
				TARGETED_DEVICE_FAMILY = "1,2";
				TEST_HOST = "$(BUILT_PRODUCTS_DIR)/ScreenSort.app/$(BUNDLE_EXECUTABLE_FOLDER_PATH)/ScreenSort";
			};
			name = Debug;
		};
		A1000026000000000000026 /* Release */ = {
			isa = XCBuildConfiguration;
			baseConfigurationReference = A100000F00000000000000F /* Secrets.xcconfig */;
			buildSettings = {
				BUNDLE_LOADER = "$(TEST_HOST)";
				CODE_SIGN_STYLE = Automatic;
				CURRENT_PROJECT_VERSION = 1;
				DEVELOPMENT_TEAM = V7YK72YLFF;
				GENERATE_INFOPLIST_FILE = YES;
				IPHONEOS_DEPLOYMENT_TARGET = 17.0;
				MARKETING_VERSION = 1.0;
				PRODUCT_BUNDLE_IDENTIFIER = com.personal.screensort.tests;
				PRODUCT_NAME = "$(TARGET_NAME)";
				SWIFT_EMIT_LOC_STRINGS = NO;
				SWIFT_VERSION = 5.0;
				TARGETED_DEVICE_FAMILY = "1,2";
				TEST_HOST = "$(BUILT_PRODUCTS_DIR)/ScreenSort.app/$(BUNDLE_EXECUTABLE_FOLDER_PATH)/ScreenSort";
			};
			name = Release;
		};
/* End XCBuildConfiguration section */

/* Begin XCConfigurationList section */
		A1000018000000000000018 /* Build configuration list for PBXNativeTarget "ScreenSort" */ = {
			isa = XCConfigurationList;
			buildConfigurations = (
				A1000023000000000000023 /* Debug */,
				A1000024000000000000024 /* Release */,
			);
			defaultConfigurationIsVisible = 0;
			defaultConfigurationName = Release;
		};
		A100001C00000000000001C /* Build configuration list for PBXNativeTarget "ScreenSortTests" */ = {
			isa = XCConfigurationList;
			buildConfigurations = (
				A1000025000000000000025 /* Debug */,
				A1000026000000000000026 /* Release */,
			);
			defaultConfigurationIsVisible = 0;
			defaultConfigurationName = Release;
		};
		A1000020000000000000020 /* Build configuration list for PBXProject "ScreenSort" */ = {
			isa = XCConfigurationList;
			buildConfigurations = (
				A1000021000000000000021 /* Debug */,
				A1000022000000000000022 /* Release */,
			);
			defaultConfigurationIsVisible = 0;
			defaultConfigurationName = Release;
		};
/* End XCConfigurationList section */
	};
	rootObject = A100000A00000000000000A /* Project object */;
}
